
Microsoft Visual Studio Solution File, Format Version 12.00
# Visual Studio 15
VisualStudioVersion = 15.0.27004.2002
MinimumVisualStudioVersion = 10.0.40219.1
Project("{8BC9CEB8-8B4A-11D0-8D11-00A0C91BC942}") = "GenealogyTree", "GenealogyTree\GenealogyTree.vcxproj", "{751B08C5-FA05-4F38-BCB8-A2FC1882E66C}"
EndProject
Project("{8BC9CEB8-8B4A-11D0-8D11-00A0C91BC942}") = "Factory", "Factory\Factory.vcxproj", "{05D8D5AD-3387-4C2A-A575-AA0E224B31CC}"
EndProject
Project("{8BC9CEB8-8B4A-11D0-8D11-00A0C91BC942}") = "CardGameWar", "CardGameWar\CardGameWar.vcxproj", "{4C968576-82DD-45AC-8044-358A0F9CB633}"
EndProject
Project("{8BC9CEB8-8B4A-11D0-8D11-00A0C91BC942}") = "Dictionnary", "Dictionnary\Dictionnary.vcxproj", "{FD44EE3B-0C9E-4BAA-962F-B2BE090897A9}"
EndProject
Project("{8BC9CEB8-8B4A-11D0-8D11-00A0C91BC942}") = "List", "List\List.vcxproj", "{63F084A8-FC28-46C4-B911-4E0F0FF96324}"
EndProject
Global
	GlobalSection(SolutionConfigurationPlatforms) = preSolution
		Debug|x64 = Debug|x64
		Debug|x86 = Debug|x86
		Release|x64 = Release|x64
		Release|x86 = Release|x86
	EndGlobalSection
	GlobalSection(ProjectConfigurationPlatforms) = postSolution
		{751B08C5-FA05-4F38-BCB8-A2FC1882E66C}.Debug|x64.ActiveCfg = Debug|x64
		{751B08C5-FA05-4F38-BCB8-A2FC1882E66C}.Debug|x64.Build.0 = Debug|x64
		{751B08C5-FA05-4F38-BCB8-A2FC1882E66C}.Debug|x86.ActiveCfg = Debug|Win32
		{751B08C5-FA05-4F38-BCB8-A2FC1882E66C}.Debug|x86.Build.0 = Debug|Win32
		{751B08C5-FA05-4F38-BCB8-A2FC1882E66C}.Release|x64.ActiveCfg = Release|x64
		{751B08C5-FA05-4F38-BCB8-A2FC1882E66C}.Release|x64.Build.0 = Release|x64
		{751B08C5-FA05-4F38-BCB8-A2FC1882E66C}.Release|x86.ActiveCfg = Release|Win32
		{751B08C5-FA05-4F38-BCB8-A2FC1882E66C}.Release|x86.Build.0 = Release|Win32
		{05D8D5AD-3387-4C2A-A575-AA0E224B31CC}.Debug|x64.ActiveCfg = Debug|x64
		{05D8D5AD-3387-4C2A-A575-AA0E224B31CC}.Debug|x64.Build.0 = Debug|x64
		{05D8D5AD-3387-4C2A-A575-AA0E224B31CC}.Debug|x86.ActiveCfg = Debug|Win32
		{05D8D5AD-3387-4C2A-A575-AA0E224B31CC}.Debug|x86.Build.0 = Debug|Win32
		{05D8D5AD-3387-4C2A-A575-AA0E224B31CC}.Release|x64.ActiveCfg = Release|x64
		{05D8D5AD-3387-4C2A-A575-AA0E224B31CC}.Release|x64.Build.0 = Release|x64
		{05D8D5AD-3387-4C2A-A575-AA0E224B31CC}.Release|x86.ActiveCfg = Release|Win32
		{05D8D5AD-3387-4C2A-A575-AA0E224B31CC}.Release|x86.Build.0 = Release|Win32
		{4C968576-82DD-45AC-8044-358A0F9CB633}.Debug|x64.ActiveCfg = Debug|x64
		{4C968576-82DD-45AC-8044-358A0F9CB633}.Debug|x64.Build.0 = Debug|x64
		{4C968576-82DD-45AC-8044-358A0F9CB633}.Debug|x86.ActiveCfg = Debug|Win32
		{4C968576-82DD-45AC-8044-358A0F9CB633}.Debug|x86.Build.0 = Debug|Win32
		{4C968576-82DD-45AC-8044-358A0F9CB633}.Release|x64.ActiveCfg = Release|x64
		{4C968576-82DD-45AC-8044-358A0F9CB633}.Release|x64.Build.0 = Release|x64
		{4C968576-82DD-45AC-8044-358A0F9CB633}.Release|x86.ActiveCfg = Release|Win32
		{4C968576-82DD-45AC-8044-358A0F9CB633}.Release|x86.Build.0 = Release|Win32
		{FD44EE3B-0C9E-4BAA-962F-B2BE090897A9}.Debug|x64.ActiveCfg = Debug|x64
		{FD44EE3B-0C9E-4BAA-962F-B2BE090897A9}.Debug|x64.Build.0 = Debug|x64
		{FD44EE3B-0C9E-4BAA-962F-B2BE090897A9}.Debug|x86.ActiveCfg = Debug|Win32
		{FD44EE3B-0C9E-4BAA-962F-B2BE090897A9}.Debug|x86.Build.0 = Debug|Win32
		{FD44EE3B-0C9E-4BAA-962F-B2BE090897A9}.Release|x64.ActiveCfg = Release|x64
		{FD44EE3B-0C9E-4BAA-962F-B2BE090897A9}.Release|x64.Build.0 = Release|x64
		{FD44EE3B-0C9E-4BAA-962F-B2BE090897A9}.Release|x86.ActiveCfg = Release|Win32
		{FD44EE3B-0C9E-4BAA-962F-B2BE090897A9}.Release|x86.Build.0 = Release|Win32
		{63F084A8-FC28-46C4-B911-4E0F0FF96324}.Debug|x64.ActiveCfg = Debug|x64
		{63F084A8-FC28-46C4-B911-4E0F0FF96324}.Debug|x64.Build.0 = Debug|x64
		{63F084A8-FC28-46C4-B911-4E0F0FF96324}.Debug|x86.ActiveCfg = Debug|Win32
		{63F084A8-FC28-46C4-B911-4E0F0FF96324}.Debug|x86.Build.0 = Debug|Win32
		{63F084A8-FC28-46C4-B911-4E0F0FF96324}.Release|x64.ActiveCfg = Release|x64
		{63F084A8-FC28-46C4-B911-4E0F0FF96324}.Release|x64.Build.0 = Release|x64
		{63F084A8-FC28-46C4-B911-4E0F0FF96324}.Release|x86.ActiveCfg = Release|Win32
		{63F084A8-FC28-46C4-B911-4E0F0FF96324}.Release|x86.Build.0 = Release|Win32
	EndGlobalSection
	GlobalSection(SolutionProperties) = preSolution
		HideSolutionNode = FALSE
	EndGlobalSection
	GlobalSection(ExtensibilityGlobals) = postSolution
		SolutionGuid = {26D6B83C-BC1E-42BC-89D1-76F8BA76FCEE}
	EndGlobalSection
EndGlobal
